
Microsoft Visual Studio Solution File, Format Version 12.00
# Visual Studio Version 16
Project("{8BC9CEB8-8B4A-11D0-8D11-00A0C91BC942}") = "D3D12Sample", "D3D12Sample\D3D12Sample.vcxproj", "{E59C6121-5152-DA16-DA46-D4ED46FBD01A}"
EndProject
Project("{2150E333-8FDC-42A3-9474-1A3956D46DE8}") = "OpenSource", "OpenSource", "{4F14A93E-3B0D-C890-643F-AD155097A79C}"
EndProject
Project("{8BC9CEB8-8B4A-11D0-8D11-00A0C91BC942}") = "DirectXTK12", "DirectXTK12\DirectXTK12.vcxproj", "{3A6C86EF-A621-FFE4-2F16-F9BB9BCAF5E8}"
EndProject
Project("{8BC9CEB8-8B4A-11D0-8D11-00A0C91BC942}") = "DirectXTex", "DirectXTex\DirectXTex.vcxproj", "{A90EE592-95C6-26E0-FECD-FF3BEAA4C1D0}"
EndProject
Project("{8BC9CEB8-8B4A-11D0-8D11-00A0C91BC942}") = "hlsl++", "hlsl++\hlsl++.vcxproj", "{4EBD5A02-3A5F-85D8-231A-992C0F5B0C29}"
EndProject
Project("{8BC9CEB8-8B4A-11D0-8D11-00A0C91BC942}") = "imugi", "imugi\imugi.vcxproj", "{C0D1A80F-2CE6-D0C0-F567-7420613BCDF1}"
EndProject
Global
	GlobalSection(SolutionConfigurationPlatforms) = preSolution
		Debug|x64 = Debug|x64
		ReleaseLTCG|x64 = ReleaseLTCG|x64
		Release|x64 = Release|x64
	EndGlobalSection
	GlobalSection(ProjectConfigurationPlatforms) = postSolution
		{E59C6121-5152-DA16-DA46-D4ED46FBD01A}.Debug|x64.ActiveCfg = Debug|x64
		{E59C6121-5152-DA16-DA46-D4ED46FBD01A}.Debug|x64.Build.0 = Debug|x64
		{E59C6121-5152-DA16-DA46-D4ED46FBD01A}.ReleaseLTCG|x64.ActiveCfg = ReleaseLTCG|x64
		{E59C6121-5152-DA16-DA46-D4ED46FBD01A}.ReleaseLTCG|x64.Build.0 = ReleaseLTCG|x64
		{E59C6121-5152-DA16-DA46-D4ED46FBD01A}.Release|x64.ActiveCfg = Release|x64
		{E59C6121-5152-DA16-DA46-D4ED46FBD01A}.Release|x64.Build.0 = Release|x64
		{3A6C86EF-A621-FFE4-2F16-F9BB9BCAF5E8}.Debug|x64.ActiveCfg = Debug|x64
		{3A6C86EF-A621-FFE4-2F16-F9BB9BCAF5E8}.Debug|x64.Build.0 = Debug|x64
		{3A6C86EF-A621-FFE4-2F16-F9BB9BCAF5E8}.ReleaseLTCG|x64.ActiveCfg = ReleaseLTCG|x64
		{3A6C86EF-A621-FFE4-2F16-F9BB9BCAF5E8}.ReleaseLTCG|x64.Build.0 = ReleaseLTCG|x64
		{3A6C86EF-A621-FFE4-2F16-F9BB9BCAF5E8}.Release|x64.ActiveCfg = Release|x64
		{3A6C86EF-A621-FFE4-2F16-F9BB9BCAF5E8}.Release|x64.Build.0 = Release|x64
		{A90EE592-95C6-26E0-FECD-FF3BEAA4C1D0}.Debug|x64.ActiveCfg = Debug|x64
		{A90EE592-95C6-26E0-FECD-FF3BEAA4C1D0}.Debug|x64.Build.0 = Debug|x64
		{A90EE592-95C6-26E0-FECD-FF3BEAA4C1D0}.ReleaseLTCG|x64.ActiveCfg = ReleaseLTCG|x64
		{A90EE592-95C6-26E0-FECD-FF3BEAA4C1D0}.ReleaseLTCG|x64.Build.0 = ReleaseLTCG|x64
		{A90EE592-95C6-26E0-FECD-FF3BEAA4C1D0}.Release|x64.ActiveCfg = Release|x64
		{A90EE592-95C6-26E0-FECD-FF3BEAA4C1D0}.Release|x64.Build.0 = Release|x64
		{4EBD5A02-3A5F-85D8-231A-992C0F5B0C29}.Debug|x64.ActiveCfg = Debug|x64
		{4EBD5A02-3A5F-85D8-231A-992C0F5B0C29}.Debug|x64.Build.0 = Debug|x64
		{4EBD5A02-3A5F-85D8-231A-992C0F5B0C29}.ReleaseLTCG|x64.ActiveCfg = ReleaseLTCG|x64
		{4EBD5A02-3A5F-85D8-231A-992C0F5B0C29}.ReleaseLTCG|x64.Build.0 = ReleaseLTCG|x64
		{4EBD5A02-3A5F-85D8-231A-992C0F5B0C29}.Release|x64.ActiveCfg = Release|x64
		{4EBD5A02-3A5F-85D8-231A-992C0F5B0C29}.Release|x64.Build.0 = Release|x64
		{C0D1A80F-2CE6-D0C0-F567-7420613BCDF1}.Debug|x64.ActiveCfg = Debug|x64
		{C0D1A80F-2CE6-D0C0-F567-7420613BCDF1}.Debug|x64.Build.0 = Debug|x64
		{C0D1A80F-2CE6-D0C0-F567-7420613BCDF1}.ReleaseLTCG|x64.ActiveCfg = ReleaseLTCG|x64
		{C0D1A80F-2CE6-D0C0-F567-7420613BCDF1}.ReleaseLTCG|x64.Build.0 = ReleaseLTCG|x64
		{C0D1A80F-2CE6-D0C0-F567-7420613BCDF1}.Release|x64.ActiveCfg = Release|x64
		{C0D1A80F-2CE6-D0C0-F567-7420613BCDF1}.Release|x64.Build.0 = Release|x64
	EndGlobalSection
	GlobalSection(SolutionProperties) = preSolution
		HideSolutionNode = FALSE
	EndGlobalSection
	GlobalSection(NestedProjects) = preSolution
		{3A6C86EF-A621-FFE4-2F16-F9BB9BCAF5E8} = {4F14A93E-3B0D-C890-643F-AD155097A79C}
		{A90EE592-95C6-26E0-FECD-FF3BEAA4C1D0} = {4F14A93E-3B0D-C890-643F-AD155097A79C}
		{4EBD5A02-3A5F-85D8-231A-992C0F5B0C29} = {4F14A93E-3B0D-C890-643F-AD155097A79C}
		{C0D1A80F-2CE6-D0C0-F567-7420613BCDF1} = {4F14A93E-3B0D-C890-643F-AD155097A79C}
	EndGlobalSection
EndGlobal
