<?xml version="1.0" encoding="utf-8"?>
<Project ToolsVersion="4.0" xmlns="http://schemas.microsoft.com/developer/msbuild/2003">
  <ItemGroup>
    <Filter Include="ソース ファイル">
      <UniqueIdentifier>{822303BF-6E1D-2C11-578A-C2214323927D}</UniqueIdentifier>
    </Filter>
    <Filter Include="ヘッダー ファイル">
      <UniqueIdentifier>{EF12EB51-5BD5-1EDC-A485-AD681087F7B9}</UniqueIdentifier>
    </Filter>
  </ItemGroup>
  <ItemGroup>
    <ClInclude Include="..\..\opensource\DirectXTex\DirectXTex\BC.h">
      <Filter>ヘッダー ファイル</Filter>
    </ClInclude>
    <ClInclude Include="..\..\opensource\DirectXTex\DirectXTex\BCDirectCompute.h">
      <Filter>ヘッダー ファイル</Filter>
    </ClInclude>
    <ClInclude Include="..\..\opensource\DirectXTex\DirectXTex\DDS.h">
      <Filter>ヘッダー ファイル</Filter>
    </ClInclude>
    <ClInclude Include="..\..\opensource\DirectXTex\DirectXTex\DirectXTex.h">
      <Filter>ヘッダー ファイル</Filter>
    </ClInclude>
    <ClInclude Include="..\..\opensource\DirectXTex\DirectXTex\DirectXTex.inl">
      <Filter>ヘッダー ファイル</Filter>
    </ClInclude>
    <ClInclude Include="..\..\opensource\DirectXTex\DirectXTex\DirectXTexP.h">
      <Filter>ヘッダー ファイル</Filter>
    </ClInclude>
    <ClInclude Include="..\..\opensource\DirectXTex\DirectXTex\d3dx12.h">
      <Filter>ヘッダー ファイル</Filter>
    </ClInclude>
    <ClInclude Include="..\..\opensource\DirectXTex\DirectXTex\filters.h">
      <Filter>ヘッダー ファイル</Filter>
    </ClInclude>
    <ClInclude Include="..\..\opensource\DirectXTex\DirectXTex\scoped.h">
      <Filter>ヘッダー ファイル</Filter>
    </ClInclude>
  </ItemGroup>
  <ItemGroup>
    <ClCompile Include="..\..\opensource\DirectXTex\DirectXTex\BC.cpp">
      <Filter>ソース ファイル</Filter>
    </ClCompile>
    <ClCompile Include="..\..\opensource\DirectXTex\DirectXTex\BC4BC5.cpp">
      <Filter>ソース ファイル</Filter>
    </ClCompile>
    <ClCompile Include="..\..\opensource\DirectXTex\DirectXTex\BC6HBC7.cpp">
      <Filter>ソース ファイル</Filter>
    </ClCompile>
    <ClCompile Include="..\..\opensource\DirectXTex\DirectXTex\BCDirectCompute.cpp">
      <Filter>ソース ファイル</Filter>
    </ClCompile>
    <ClCompile Include="..\..\opensource\DirectXTex\DirectXTex\DirectXTexCompress.cpp">
      <Filter>ソース ファイル</Filter>
    </ClCompile>
    <ClCompile Include="..\..\opensource\DirectXTex\DirectXTex\DirectXTexCompressGPU.cpp">
      <Filter>ソース ファイル</Filter>
    </ClCompile>
    <ClCompile Include="..\..\opensource\DirectXTex\DirectXTex\DirectXTexConvert.cpp">
      <Filter>ソース ファイル</Filter>
    </ClCompile>
    <ClCompile Include="..\..\opensource\DirectXTex\DirectXTex\DirectXTexD3D11.cpp">
      <Filter>ソース ファイル</Filter>
    </ClCompile>
    <ClCompile Include="..\..\opensource\DirectXTex\DirectXTex\DirectXTexD3D12.cpp">
      <Filter>ソース ファイル</Filter>
    </ClCompile>
    <ClCompile Include="..\..\opensource\DirectXTex\DirectXTex\DirectXTexDDS.cpp">
      <Filter>ソース ファイル</Filter>
    </ClCompile>
    <ClCompile Include="..\..\opensource\DirectXTex\DirectXTex\DirectXTexFlipRotate.cpp">
      <Filter>ソース ファイル</Filter>
    </ClCompile>
    <ClCompile Include="..\..\opensource\DirectXTex\DirectXTex\DirectXTexHDR.cpp">
      <Filter>ソース ファイル</Filter>
    </ClCompile>
    <ClCompile Include="..\..\opensource\DirectXTex\DirectXTex\DirectXTexImage.cpp">
      <Filter>ソース ファイル</Filter>
    </ClCompile>
    <ClCompile Include="..\..\opensource\DirectXTex\DirectXTex\DirectXTexMipmaps.cpp">
      <Filter>ソース ファイル</Filter>
    </ClCompile>
    <ClCompile Include="..\..\opensource\DirectXTex\DirectXTex\DirectXTexMisc.cpp">
      <Filter>ソース ファイル</Filter>
    </ClCompile>
    <ClCompile Include="..\..\opensource\DirectXTex\DirectXTex\DirectXTexNormalMaps.cpp">
      <Filter>ソース ファイル</Filter>
    </ClCompile>
    <ClCompile Include="..\..\opensource\DirectXTex\DirectXTex\DirectXTexPMAlpha.cpp">
      <Filter>ソース ファイル</Filter>
    </ClCompile>
    <ClCompile Include="..\..\opensource\DirectXTex\DirectXTex\DirectXTexResize.cpp">
      <Filter>ソース ファイル</Filter>
    </ClCompile>
    <ClCompile Include="..\..\opensource\DirectXTex\DirectXTex\DirectXTexTGA.cpp">
      <Filter>ソース ファイル</Filter>
    </ClCompile>
    <ClCompile Include="..\..\opensource\DirectXTex\DirectXTex\DirectXTexUtil.cpp">
      <Filter>ソース ファイル</Filter>
    </ClCompile>
    <ClCompile Include="..\..\opensource\DirectXTex\DirectXTex\DirectXTexWIC.cpp">
      <Filter>ソース ファイル</Filter>
    </ClCompile>
  </ItemGroup>
</Project>